
Microsoft Visual Studio Solution File, Format Version 12.00
# Visual Studio 14
VisualStudioVersion = 14.0.25420.1
MinimumVisualStudioVersion = 10.0.40219.1
Project("{FAE04EC0-301F-11D3-BF4B-00C04F79EFBC}") = "Program", "Program\Program.csproj", "{7CD4ABC5-ACF7-4BC7-9780-1258FA4A135D}"
EndProject
Project("{FAE04EC0-301F-11D3-BF4B-00C04F79EFBC}") = "Program1", "Program1\Program1.csproj", "{119971EB-4B0A-4647-A07A-58F4930EBD6D}"
EndProject
Project("{FAE04EC0-301F-11D3-BF4B-00C04F79EFBC}") = "Program2", "Program2\Program2.csproj", "{4CBADBD3-E4D1-4BAA-8A50-B0DD1E3109B7}"
EndProject
Global
	GlobalSection(SolutionConfigurationPlatforms) = preSolution
		Debug|Any CPU = Debug|Any CPU
		Release|Any CPU = Release|Any CPU
	EndGlobalSection
	GlobalSection(ProjectConfigurationPlatforms) = postSolution
		{7CD4ABC5-ACF7-4BC7-9780-1258FA4A135D}.Debug|Any CPU.ActiveCfg = Debug|Any CPU
		{7CD4ABC5-ACF7-4BC7-9780-1258FA4A135D}.Debug|Any CPU.Build.0 = Debug|Any CPU
		{7CD4ABC5-ACF7-4BC7-9780-1258FA4A135D}.Release|Any CPU.ActiveCfg = Release|Any CPU
		{7CD4ABC5-ACF7-4BC7-9780-1258FA4A135D}.Release|Any CPU.Build.0 = Release|Any CPU
		{119971EB-4B0A-4647-A07A-58F4930EBD6D}.Debug|Any CPU.ActiveCfg = Debug|Any CPU
		{119971EB-4B0A-4647-A07A-58F4930EBD6D}.Debug|Any CPU.Build.0 = Debug|Any CPU
		{119971EB-4B0A-4647-A07A-58F4930EBD6D}.Release|Any CPU.ActiveCfg = Release|Any CPU
		{119971EB-4B0A-4647-A07A-58F4930EBD6D}.Release|Any CPU.Build.0 = Release|Any CPU
		{4CBADBD3-E4D1-4BAA-8A50-B0DD1E3109B7}.Debug|Any CPU.ActiveCfg = Debug|Any CPU
		{4CBADBD3-E4D1-4BAA-8A50-B0DD1E3109B7}.Debug|Any CPU.Build.0 = Debug|Any CPU
		{4CBADBD3-E4D1-4BAA-8A50-B0DD1E3109B7}.Release|Any CPU.ActiveCfg = Release|Any CPU
		{4CBADBD3-E4D1-4BAA-8A50-B0DD1E3109B7}.Release|Any CPU.Build.0 = Release|Any CPU
	EndGlobalSection
	GlobalSection(SolutionProperties) = preSolution
		HideSolutionNode = FALSE
	EndGlobalSection
EndGlobal
